// !$*UTF8*$!
{
	archiveVersion = 1;
	classes = {
	};
	objectVersion = 56;
	objects = {

/* Begin PBXBuildFile section */
		590153502A677E7E008D09CF /* iOS_Africa2023App.swift in Sources */ = {isa = PBXBuildFile; fileRef = 5901534F2A677E7E008D09CF /* iOS_Africa2023App.swift */; };
		590153522A677E7E008D09CF /* ContentView.swift in Sources */ = {isa = PBXBuildFile; fileRef = 590153512A677E7E008D09CF /* ContentView.swift */; };
		590153542A677E81008D09CF /* Assets.xcassets in Resources */ = {isa = PBXBuildFile; fileRef = 590153532A677E81008D09CF /* Assets.xcassets */; };
		590153572A677E81008D09CF /* Preview Assets.xcassets in Resources */ = {isa = PBXBuildFile; fileRef = 590153562A677E81008D09CF /* Preview Assets.xcassets */; };
		590153682A67825A008D09CF /* hippo.mp4 in Resources */ = {isa = PBXBuildFile; fileRef = 5901535E2A678259008D09CF /* hippo.mp4 */; };
		590153692A67825A008D09CF /* elephant.mp4 in Resources */ = {isa = PBXBuildFile; fileRef = 5901535F2A678259008D09CF /* elephant.mp4 */; };
		5901536A2A67825A008D09CF /* giraffe.mp4 in Resources */ = {isa = PBXBuildFile; fileRef = 590153602A678259008D09CF /* giraffe.mp4 */; };
		5901536B2A67825A008D09CF /* cheetah.mp4 in Resources */ = {isa = PBXBuildFile; fileRef = 590153612A678259008D09CF /* cheetah.mp4 */; };
		5901536C2A67825A008D09CF /* rhino.mp4 in Resources */ = {isa = PBXBuildFile; fileRef = 590153622A678259008D09CF /* rhino.mp4 */; };
		5901536D2A67825A008D09CF /* gorilla.mp4 in Resources */ = {isa = PBXBuildFile; fileRef = 590153632A67825A008D09CF /* gorilla.mp4 */; };
		5901536E2A67825A008D09CF /* zebra.mp4 in Resources */ = {isa = PBXBuildFile; fileRef = 590153642A67825A008D09CF /* zebra.mp4 */; };
		5901536F2A67825A008D09CF /* ostrich.mp4 in Resources */ = {isa = PBXBuildFile; fileRef = 590153652A67825A008D09CF /* ostrich.mp4 */; };
		590153702A67825A008D09CF /* lion.mp4 in Resources */ = {isa = PBXBuildFile; fileRef = 590153662A67825A008D09CF /* lion.mp4 */; };
		590153712A67825A008D09CF /* lioness.mp4 in Resources */ = {isa = PBXBuildFile; fileRef = 590153672A67825A008D09CF /* lioness.mp4 */; };
		590153772A678292008D09CF /* animals.json in Resources */ = {isa = PBXBuildFile; fileRef = 590153732A678292008D09CF /* animals.json */; };
		590153782A678292008D09CF /* locations.json in Resources */ = {isa = PBXBuildFile; fileRef = 590153742A678292008D09CF /* locations.json */; };
		590153792A678292008D09CF /* videos.json in Resources */ = {isa = PBXBuildFile; fileRef = 590153752A678292008D09CF /* videos.json */; };
		5901537A2A678292008D09CF /* covers.json in Resources */ = {isa = PBXBuildFile; fileRef = 590153762A678292008D09CF /* covers.json */; };
		590153822A6784D6008D09CF /* VideoListView.swift in Sources */ = {isa = PBXBuildFile; fileRef = 590153812A6784D6008D09CF /* VideoListView.swift */; };
		590153842A6784DD008D09CF /* MapView.swift in Sources */ = {isa = PBXBuildFile; fileRef = 590153832A6784DD008D09CF /* MapView.swift */; };
		590153862A6784E5008D09CF /* GalleryView.swift in Sources */ = {isa = PBXBuildFile; fileRef = 590153852A6784E5008D09CF /* GalleryView.swift */; };
		590153882A6784F6008D09CF /* MainView.swift in Sources */ = {isa = PBXBuildFile; fileRef = 590153872A6784F6008D09CF /* MainView.swift */; };
		5901538B2A678746008D09CF /* CoverImageView.swift in Sources */ = {isa = PBXBuildFile; fileRef = 5901538A2A678746008D09CF /* CoverImageView.swift */; };
		5901538E2A67881F008D09CF /* CoverImageModel.swift in Sources */ = {isa = PBXBuildFile; fileRef = 5901538D2A67881F008D09CF /* CoverImageModel.swift */; };
		590153912A6788AF008D09CF /* CodableBundleExtension.swift in Sources */ = {isa = PBXBuildFile; fileRef = 590153902A6788AF008D09CF /* CodableBundleExtension.swift */; };
		590153932A678BDA008D09CF /* AnimalListItemView.swift in Sources */ = {isa = PBXBuildFile; fileRef = 590153922A678BDA008D09CF /* AnimalListItemView.swift */; };
		590153952A678CD3008D09CF /* AnimalModel.swift in Sources */ = {isa = PBXBuildFile; fileRef = 590153942A678CD3008D09CF /* AnimalModel.swift */; };
		590153992A679003008D09CF /* AnimalDetailView.swift in Sources */ = {isa = PBXBuildFile; fileRef = 590153982A679003008D09CF /* AnimalDetailView.swift */; };
		5901539B2A6790E9008D09CF /* HeadingView.swift in Sources */ = {isa = PBXBuildFile; fileRef = 5901539A2A6790E9008D09CF /* HeadingView.swift */; };
		5901539D2A6791AC008D09CF /* InsetGalleryView.swift in Sources */ = {isa = PBXBuildFile; fileRef = 5901539C2A6791AC008D09CF /* InsetGalleryView.swift */; };
		5901539F2A6A28B4008D09CF /* InsetFactView.swift in Sources */ = {isa = PBXBuildFile; fileRef = 5901539E2A6A28B4008D09CF /* InsetFactView.swift */; };
		590153A12A6A2AEF008D09CF /* InsetMapView.swift in Sources */ = {isa = PBXBuildFile; fileRef = 590153A02A6A2AEF008D09CF /* InsetMapView.swift */; };
/* End PBXBuildFile section */

/* Begin PBXFileReference section */
		5901534C2A677E7E008D09CF /* iOS-Africa2023.app */ = {isa = PBXFileReference; explicitFileType = wrapper.application; includeInIndex = 0; path = "iOS-Africa2023.app"; sourceTree = BUILT_PRODUCTS_DIR; };
		5901534F2A677E7E008D09CF /* iOS_Africa2023App.swift */ = {isa = PBXFileReference; lastKnownFileType = sourcecode.swift; path = iOS_Africa2023App.swift; sourceTree = "<group>"; };
		590153512A677E7E008D09CF /* ContentView.swift */ = {isa = PBXFileReference; lastKnownFileType = sourcecode.swift; path = ContentView.swift; sourceTree = "<group>"; };
		590153532A677E81008D09CF /* Assets.xcassets */ = {isa = PBXFileReference; lastKnownFileType = folder.assetcatalog; path = Assets.xcassets; sourceTree = "<group>"; };
		590153562A677E81008D09CF /* Preview Assets.xcassets */ = {isa = PBXFileReference; lastKnownFileType = folder.assetcatalog; path = "Preview Assets.xcassets"; sourceTree = "<group>"; };
		5901535E2A678259008D09CF /* hippo.mp4 */ = {isa = PBXFileReference; lastKnownFileType = file; path = hippo.mp4; sourceTree = "<group>"; };
		5901535F2A678259008D09CF /* elephant.mp4 */ = {isa = PBXFileReference; lastKnownFileType = file; path = elephant.mp4; sourceTree = "<group>"; };
		590153602A678259008D09CF /* giraffe.mp4 */ = {isa = PBXFileReference; lastKnownFileType = file; path = giraffe.mp4; sourceTree = "<group>"; };
		590153612A678259008D09CF /* cheetah.mp4 */ = {isa = PBXFileReference; lastKnownFileType = file; path = cheetah.mp4; sourceTree = "<group>"; };
		590153622A678259008D09CF /* rhino.mp4 */ = {isa = PBXFileReference; lastKnownFileType = file; path = rhino.mp4; sourceTree = "<group>"; };
		590153632A67825A008D09CF /* gorilla.mp4 */ = {isa = PBXFileReference; lastKnownFileType = file; path = gorilla.mp4; sourceTree = "<group>"; };
		590153642A67825A008D09CF /* zebra.mp4 */ = {isa = PBXFileReference; lastKnownFileType = file; path = zebra.mp4; sourceTree = "<group>"; };
		590153652A67825A008D09CF /* ostrich.mp4 */ = {isa = PBXFileReference; lastKnownFileType = file; path = ostrich.mp4; sourceTree = "<group>"; };
		590153662A67825A008D09CF /* lion.mp4 */ = {isa = PBXFileReference; lastKnownFileType = file; path = lion.mp4; sourceTree = "<group>"; };
		590153672A67825A008D09CF /* lioness.mp4 */ = {isa = PBXFileReference; lastKnownFileType = file; path = lioness.mp4; sourceTree = "<group>"; };
		590153732A678292008D09CF /* animals.json */ = {isa = PBXFileReference; fileEncoding = 4; lastKnownFileType = text.json; path = animals.json; sourceTree = "<group>"; };
		590153742A678292008D09CF /* locations.json */ = {isa = PBXFileReference; fileEncoding = 4; lastKnownFileType = text.json; path = locations.json; sourceTree = "<group>"; };
		590153752A678292008D09CF /* videos.json */ = {isa = PBXFileReference; fileEncoding = 4; lastKnownFileType = text.json; path = videos.json; sourceTree = "<group>"; };
		590153762A678292008D09CF /* covers.json */ = {isa = PBXFileReference; fileEncoding = 4; lastKnownFileType = text.json; path = covers.json; sourceTree = "<group>"; };
		5901537B2A67835E008D09CF /* Info.plist */ = {isa = PBXFileReference; lastKnownFileType = text.plist; path = Info.plist; sourceTree = "<group>"; };
		590153812A6784D6008D09CF /* VideoListView.swift */ = {isa = PBXFileReference; lastKnownFileType = sourcecode.swift; path = VideoListView.swift; sourceTree = "<group>"; };
		590153832A6784DD008D09CF /* MapView.swift */ = {isa = PBXFileReference; lastKnownFileType = sourcecode.swift; path = MapView.swift; sourceTree = "<group>"; };
		590153852A6784E5008D09CF /* GalleryView.swift */ = {isa = PBXFileReference; lastKnownFileType = sourcecode.swift; path = GalleryView.swift; sourceTree = "<group>"; };
		590153872A6784F6008D09CF /* MainView.swift */ = {isa = PBXFileReference; lastKnownFileType = sourcecode.swift; path = MainView.swift; sourceTree = "<group>"; };
		5901538A2A678746008D09CF /* CoverImageView.swift */ = {isa = PBXFileReference; lastKnownFileType = sourcecode.swift; path = CoverImageView.swift; sourceTree = "<group>"; };
		5901538D2A67881F008D09CF /* CoverImageModel.swift */ = {isa = PBXFileReference; lastKnownFileType = sourcecode.swift; path = CoverImageModel.swift; sourceTree = "<group>"; };
		590153902A6788AF008D09CF /* CodableBundleExtension.swift */ = {isa = PBXFileReference; lastKnownFileType = sourcecode.swift; path = CodableBundleExtension.swift; sourceTree = "<group>"; };
		590153922A678BDA008D09CF /* AnimalListItemView.swift */ = {isa = PBXFileReference; lastKnownFileType = sourcecode.swift; path = AnimalListItemView.swift; sourceTree = "<group>"; };
		590153942A678CD3008D09CF /* AnimalModel.swift */ = {isa = PBXFileReference; lastKnownFileType = sourcecode.swift; path = AnimalModel.swift; sourceTree = "<group>"; };
		590153982A679003008D09CF /* AnimalDetailView.swift */ = {isa = PBXFileReference; lastKnownFileType = sourcecode.swift; path = AnimalDetailView.swift; sourceTree = "<group>"; };
		5901539A2A6790E9008D09CF /* HeadingView.swift */ = {isa = PBXFileReference; lastKnownFileType = sourcecode.swift; path = HeadingView.swift; sourceTree = "<group>"; };
		5901539C2A6791AC008D09CF /* InsetGalleryView.swift */ = {isa = PBXFileReference; lastKnownFileType = sourcecode.swift; path = InsetGalleryView.swift; sourceTree = "<group>"; };
		5901539E2A6A28B4008D09CF /* InsetFactView.swift */ = {isa = PBXFileReference; lastKnownFileType = sourcecode.swift; path = InsetFactView.swift; sourceTree = "<group>"; };
		590153A02A6A2AEF008D09CF /* InsetMapView.swift */ = {isa = PBXFileReference; lastKnownFileType = sourcecode.swift; path = InsetMapView.swift; sourceTree = "<group>"; };
/* End PBXFileReference section */

/* Begin PBXFrameworksBuildPhase section */
		590153492A677E7E008D09CF /* Frameworks */ = {
			isa = PBXFrameworksBuildPhase;
			buildActionMask = 2147483647;
			files = (
			);
			runOnlyForDeploymentPostprocessing = 0;
		};
/* End PBXFrameworksBuildPhase section */

/* Begin PBXGroup section */
		590153432A677E7E008D09CF = {
			isa = PBXGroup;
			children = (
				5901534E2A677E7E008D09CF /* iOS-Africa2023 */,
				5901534D2A677E7E008D09CF /* Products */,
			);
			sourceTree = "<group>";
		};
		5901534D2A677E7E008D09CF /* Products */ = {
			isa = PBXGroup;
			children = (
				5901534C2A677E7E008D09CF /* iOS-Africa2023.app */,
			);
			name = Products;
			sourceTree = "<group>";
		};
		5901534E2A677E7E008D09CF /* iOS-Africa2023 */ = {
			isa = PBXGroup;
			children = (
				5901538F2A678882008D09CF /* Extension */,
				5901538C2A678812008D09CF /* Model */,
				590153892A67873D008D09CF /* View */,
				5901537E2A6784A4008D09CF /* App */,
				5901537B2A67835E008D09CF /* Info.plist */,
				590153722A678286008D09CF /* Data */,
				5901535D2A67823C008D09CF /* Video */,
				590153532A677E81008D09CF /* Assets.xcassets */,
				590153552A677E81008D09CF /* Preview Content */,
			);
			path = "iOS-Africa2023";
			sourceTree = "<group>";
		};
		590153552A677E81008D09CF /* Preview Content */ = {
			isa = PBXGroup;
			children = (
				590153562A677E81008D09CF /* Preview Assets.xcassets */,
			);
			path = "Preview Content";
			sourceTree = "<group>";
		};
		5901535D2A67823C008D09CF /* Video */ = {
			isa = PBXGroup;
			children = (
				590153612A678259008D09CF /* cheetah.mp4 */,
				5901535F2A678259008D09CF /* elephant.mp4 */,
				590153602A678259008D09CF /* giraffe.mp4 */,
				590153632A67825A008D09CF /* gorilla.mp4 */,
				5901535E2A678259008D09CF /* hippo.mp4 */,
				590153662A67825A008D09CF /* lion.mp4 */,
				590153672A67825A008D09CF /* lioness.mp4 */,
				590153652A67825A008D09CF /* ostrich.mp4 */,
				590153622A678259008D09CF /* rhino.mp4 */,
				590153642A67825A008D09CF /* zebra.mp4 */,
			);
			path = Video;
			sourceTree = "<group>";
		};
		590153722A678286008D09CF /* Data */ = {
			isa = PBXGroup;
			children = (
				590153732A678292008D09CF /* animals.json */,
				590153762A678292008D09CF /* covers.json */,
				590153742A678292008D09CF /* locations.json */,
				590153752A678292008D09CF /* videos.json */,
			);
			path = Data;
			sourceTree = "<group>";
		};
		5901537E2A6784A4008D09CF /* App */ = {
			isa = PBXGroup;
			children = (
				5901534F2A677E7E008D09CF /* iOS_Africa2023App.swift */,
				590153812A6784D6008D09CF /* VideoListView.swift */,
				590153832A6784DD008D09CF /* MapView.swift */,
				590153852A6784E5008D09CF /* GalleryView.swift */,
				590153872A6784F6008D09CF /* MainView.swift */,
				590153512A677E7E008D09CF /* ContentView.swift */,
			);
			path = App;
			sourceTree = "<group>";
		};
		590153892A67873D008D09CF /* View */ = {
			isa = PBXGroup;
			children = (
				5901538A2A678746008D09CF /* CoverImageView.swift */,
				590153922A678BDA008D09CF /* AnimalListItemView.swift */,
				590153982A679003008D09CF /* AnimalDetailView.swift */,
				5901539A2A6790E9008D09CF /* HeadingView.swift */,
				5901539C2A6791AC008D09CF /* InsetGalleryView.swift */,
				5901539E2A6A28B4008D09CF /* InsetFactView.swift */,
				590153A02A6A2AEF008D09CF /* InsetMapView.swift */,
			);
			path = View;
			sourceTree = "<group>";
		};
		5901538C2A678812008D09CF /* Model */ = {
			isa = PBXGroup;
			children = (
				5901538D2A67881F008D09CF /* CoverImageModel.swift */,
				590153942A678CD3008D09CF /* AnimalModel.swift */,
			);
			path = Model;
			sourceTree = "<group>";
		};
		5901538F2A678882008D09CF /* Extension */ = {
			isa = PBXGroup;
			children = (
				590153902A6788AF008D09CF /* CodableBundleExtension.swift */,
			);
			path = Extension;
			sourceTree = "<group>";
		};
/* End PBXGroup section */

/* Begin PBXNativeTarget section */
		5901534B2A677E7E008D09CF /* iOS-Africa2023 */ = {
			isa = PBXNativeTarget;
			buildConfigurationList = 5901535A2A677E81008D09CF /* Build configuration list for PBXNativeTarget "iOS-Africa2023" */;
			buildPhases = (
				590153482A677E7E008D09CF /* Sources */,
				590153492A677E7E008D09CF /* Frameworks */,
				5901534A2A677E7E008D09CF /* Resources */,
			);
			buildRules = (
			);
			dependencies = (
			);
			name = "iOS-Africa2023";
			productName = "iOS-Africa2023";
			productReference = 5901534C2A677E7E008D09CF /* iOS-Africa2023.app */;
			productType = "com.apple.product-type.application";
		};
/* End PBXNativeTarget section */

/* Begin PBXProject section */
		590153442A677E7E008D09CF /* Project object */ = {
			isa = PBXProject;
			attributes = {
				BuildIndependentTargetsInParallel = 1;
				LastSwiftUpdateCheck = 1500;
				LastUpgradeCheck = 1500;
				TargetAttributes = {
					5901534B2A677E7E008D09CF = {
						CreatedOnToolsVersion = 15.0;
					};
				};
			};
			buildConfigurationList = 590153472A677E7E008D09CF /* Build configuration list for PBXProject "iOS-Africa2023" */;
			compatibilityVersion = "Xcode 14.0";
			developmentRegion = en;
			hasScannedForEncodings = 0;
			knownRegions = (
				en,
				Base,
			);
			mainGroup = 590153432A677E7E008D09CF;
			productRefGroup = 5901534D2A677E7E008D09CF /* Products */;
			projectDirPath = "";
			projectRoot = "";
			targets = (
				5901534B2A677E7E008D09CF /* iOS-Africa2023 */,
			);
		};
/* End PBXProject section */

/* Begin PBXResourcesBuildPhase section */
		5901534A2A677E7E008D09CF /* Resources */ = {
			isa = PBXResourcesBuildPhase;
			buildActionMask = 2147483647;
			files = (
				590153782A678292008D09CF /* locations.json in Resources */,
				590153692A67825A008D09CF /* elephant.mp4 in Resources */,
				590153792A678292008D09CF /* videos.json in Resources */,
				590153572A677E81008D09CF /* Preview Assets.xcassets in Resources */,
				5901536B2A67825A008D09CF /* cheetah.mp4 in Resources */,
				5901537A2A678292008D09CF /* covers.json in Resources */,
				590153682A67825A008D09CF /* hippo.mp4 in Resources */,
				5901536D2A67825A008D09CF /* gorilla.mp4 in Resources */,
				5901536C2A67825A008D09CF /* rhino.mp4 in Resources */,
				590153542A677E81008D09CF /* Assets.xcassets in Resources */,
				590153772A678292008D09CF /* animals.json in Resources */,
				5901536E2A67825A008D09CF /* zebra.mp4 in Resources */,
				590153702A67825A008D09CF /* lion.mp4 in Resources */,
				5901536F2A67825A008D09CF /* ostrich.mp4 in Resources */,
				5901536A2A67825A008D09CF /* giraffe.mp4 in Resources */,
				590153712A67825A008D09CF /* lioness.mp4 in Resources */,
			);
			runOnlyForDeploymentPostprocessing = 0;
		};
/* End PBXResourcesBuildPhase section */

/* Begin PBXSourcesBuildPhase section */
		590153482A677E7E008D09CF /* Sources */ = {
			isa = PBXSourcesBuildPhase;
			buildActionMask = 2147483647;
			files = (
				590153822A6784D6008D09CF /* VideoListView.swift in Sources */,
				590153932A678BDA008D09CF /* AnimalListItemView.swift in Sources */,
				590153882A6784F6008D09CF /* MainView.swift in Sources */,
				5901539F2A6A28B4008D09CF /* InsetFactView.swift in Sources */,
				5901538B2A678746008D09CF /* CoverImageView.swift in Sources */,
				5901538E2A67881F008D09CF /* CoverImageModel.swift in Sources */,
				590153992A679003008D09CF /* AnimalDetailView.swift in Sources */,
				590153952A678CD3008D09CF /* AnimalModel.swift in Sources */,
				590153862A6784E5008D09CF /* GalleryView.swift in Sources */,
				590153A12A6A2AEF008D09CF /* InsetMapView.swift in Sources */,
				590153842A6784DD008D09CF /* MapView.swift in Sources */,
				590153522A677E7E008D09CF /* ContentView.swift in Sources */,
				590153502A677E7E008D09CF /* iOS_Africa2023App.swift in Sources */,
				5901539D2A6791AC008D09CF /* InsetGalleryView.swift in Sources */,
				590153912A6788AF008D09CF /* CodableBundleExtension.swift in Sources */,
				5901539B2A6790E9008D09CF /* HeadingView.swift in Sources */,
			);
			runOnlyForDeploymentPostprocessing = 0;
		};
/* End PBXSourcesBuildPhase section */

/* Begin XCBuildConfiguration section */
		590153582A677E81008D09CF /* Debug */ = {
			isa = XCBuildConfiguration;
			buildSettings = {
				ALWAYS_SEARCH_USER_PATHS = NO;
				ASSETCATALOG_COMPILER_GENERATE_SWIFT_ASSET_SYMBOL_EXTENSIONS = YES;
				CLANG_ANALYZER_NONNULL = YES;
				CLANG_ANALYZER_NUMBER_OBJECT_CONVERSION = YES_AGGRESSIVE;
				CLANG_CXX_LANGUAGE_STANDARD = "gnu++20";
				CLANG_ENABLE_MODULES = YES;
				CLANG_ENABLE_OBJC_ARC = YES;
				CLANG_ENABLE_OBJC_WEAK = YES;
				CLANG_WARN_BLOCK_CAPTURE_AUTORELEASING = YES;
				CLANG_WARN_BOOL_CONVERSION = YES;
				CLANG_WARN_COMMA = YES;
				CLANG_WARN_CONSTANT_CONVERSION = YES;
				CLANG_WARN_DEPRECATED_OBJC_IMPLEMENTATIONS = YES;
				CLANG_WARN_DIRECT_OBJC_ISA_USAGE = YES_ERROR;
				CLANG_WARN_DOCUMENTATION_COMMENTS = YES;
				CLANG_WARN_EMPTY_BODY = YES;
				CLANG_WARN_ENUM_CONVERSION = YES;
				CLANG_WARN_INFINITE_RECURSION = YES;
				CLANG_WARN_INT_CONVERSION = YES;
				CLANG_WARN_NON_LITERAL_NULL_CONVERSION = YES;
				CLANG_WARN_OBJC_IMPLICIT_RETAIN_SELF = YES;
				CLANG_WARN_OBJC_LITERAL_CONVERSION = YES;
				CLANG_WARN_OBJC_ROOT_CLASS = YES_ERROR;
				CLANG_WARN_QUOTED_INCLUDE_IN_FRAMEWORK_HEADER = YES;
				CLANG_WARN_RANGE_LOOP_ANALYSIS = YES;
				CLANG_WARN_STRICT_PROTOTYPES = YES;
				CLANG_WARN_SUSPICIOUS_MOVE = YES;
				CLANG_WARN_UNGUARDED_AVAILABILITY = YES_AGGRESSIVE;
				CLANG_WARN_UNREACHABLE_CODE = YES;
				CLANG_WARN__DUPLICATE_METHOD_MATCH = YES;
				COPY_PHASE_STRIP = NO;
				DEBUG_INFORMATION_FORMAT = dwarf;
				ENABLE_STRICT_OBJC_MSGSEND = YES;
				ENABLE_TESTABILITY = YES;
				ENABLE_USER_SCRIPT_SANDBOXING = YES;
				GCC_C_LANGUAGE_STANDARD = gnu17;
				GCC_DYNAMIC_NO_PIC = NO;
				GCC_NO_COMMON_BLOCKS = YES;
				GCC_OPTIMIZATION_LEVEL = 0;
				GCC_PREPROCESSOR_DEFINITIONS = (
					"DEBUG=1",
					"$(inherited)",
				);
				GCC_WARN_64_TO_32_BIT_CONVERSION = YES;
				GCC_WARN_ABOUT_RETURN_TYPE = YES_ERROR;
				GCC_WARN_UNDECLARED_SELECTOR = YES;
				GCC_WARN_UNINITIALIZED_AUTOS = YES_AGGRESSIVE;
				GCC_WARN_UNUSED_FUNCTION = YES;
				GCC_WARN_UNUSED_VARIABLE = YES;
				IPHONEOS_DEPLOYMENT_TARGET = 17.0;
				LOCALIZATION_PREFERS_STRING_CATALOGS = YES;
				MTL_ENABLE_DEBUG_INFO = INCLUDE_SOURCE;
				MTL_FAST_MATH = YES;
				ONLY_ACTIVE_ARCH = YES;
				SDKROOT = iphoneos;
				SWIFT_ACTIVE_COMPILATION_CONDITIONS = "DEBUG $(inherited)";
				SWIFT_OPTIMIZATION_LEVEL = "-Onone";
			};
			name = Debug;
		};
		590153592A677E81008D09CF /* Release */ = {
			isa = XCBuildConfiguration;
			buildSettings = {
				ALWAYS_SEARCH_USER_PATHS = NO;
				ASSETCATALOG_COMPILER_GENERATE_SWIFT_ASSET_SYMBOL_EXTENSIONS = YES;
				CLANG_ANALYZER_NONNULL = YES;
				CLANG_ANALYZER_NUMBER_OBJECT_CONVERSION = YES_AGGRESSIVE;
				CLANG_CXX_LANGUAGE_STANDARD = "gnu++20";
				CLANG_ENABLE_MODULES = YES;
				CLANG_ENABLE_OBJC_ARC = YES;
				CLANG_ENABLE_OBJC_WEAK = YES;
				CLANG_WARN_BLOCK_CAPTURE_AUTORELEASING = YES;
				CLANG_WARN_BOOL_CONVERSION = YES;
				CLANG_WARN_COMMA = YES;
				CLANG_WARN_CONSTANT_CONVERSION = YES;
				CLANG_WARN_DEPRECATED_OBJC_IMPLEMENTATIONS = YES;
				CLANG_WARN_DIRECT_OBJC_ISA_USAGE = YES_ERROR;
				CLANG_WARN_DOCUMENTATION_COMMENTS = YES;
				CLANG_WARN_EMPTY_BODY = YES;
				CLANG_WARN_ENUM_CONVERSION = YES;
				CLANG_WARN_INFINITE_RECURSION = YES;
				CLANG_WARN_INT_CONVERSION = YES;
				CLANG_WARN_NON_LITERAL_NULL_CONVERSION = YES;
				CLANG_WARN_OBJC_IMPLICIT_RETAIN_SELF = YES;
				CLANG_WARN_OBJC_LITERAL_CONVERSION = YES;
				CLANG_WARN_OBJC_ROOT_CLASS = YES_ERROR;
				CLANG_WARN_QUOTED_INCLUDE_IN_FRAMEWORK_HEADER = YES;
				CLANG_WARN_RANGE_LOOP_ANALYSIS = YES;
				CLANG_WARN_STRICT_PROTOTYPES = YES;
				CLANG_WARN_SUSPICIOUS_MOVE = YES;
				CLANG_WARN_UNGUARDED_AVAILABILITY = YES_AGGRESSIVE;
				CLANG_WARN_UNREACHABLE_CODE = YES;
				CLANG_WARN__DUPLICATE_METHOD_MATCH = YES;
				COPY_PHASE_STRIP = NO;
				DEBUG_INFORMATION_FORMAT = "dwarf-with-dsym";
				ENABLE_NS_ASSERTIONS = NO;
				ENABLE_STRICT_OBJC_MSGSEND = YES;
				ENABLE_USER_SCRIPT_SANDBOXING = YES;
				GCC_C_LANGUAGE_STANDARD = gnu17;
				GCC_NO_COMMON_BLOCKS = YES;
				GCC_WARN_64_TO_32_BIT_CONVERSION = YES;
				GCC_WARN_ABOUT_RETURN_TYPE = YES_ERROR;
				GCC_WARN_UNDECLARED_SELECTOR = YES;
				GCC_WARN_UNINITIALIZED_AUTOS = YES_AGGRESSIVE;
				GCC_WARN_UNUSED_FUNCTION = YES;
				GCC_WARN_UNUSED_VARIABLE = YES;
				IPHONEOS_DEPLOYMENT_TARGET = 17.0;
				LOCALIZATION_PREFERS_STRING_CATALOGS = YES;
				MTL_ENABLE_DEBUG_INFO = NO;
				MTL_FAST_MATH = YES;
				SDKROOT = iphoneos;
				SWIFT_COMPILATION_MODE = wholemodule;
				VALIDATE_PRODUCT = YES;
			};
			name = Release;
		};
		5901535B2A677E81008D09CF /* Debug */ = {
			isa = XCBuildConfiguration;
			buildSettings = {
				ASSETCATALOG_COMPILER_APPICON_NAME = AppIcon;
				ASSETCATALOG_COMPILER_GLOBAL_ACCENT_COLOR_NAME = AccentColor;
				ASSETCATALOG_COMPILER_INCLUDE_ALL_APPICON_ASSETS = YES;
				CODE_SIGN_STYLE = Automatic;
				CURRENT_PROJECT_VERSION = 1;
				DEVELOPMENT_ASSET_PATHS = "\"iOS-Africa2023/Preview Content\"";
				DEVELOPMENT_TEAM = K3URZZFDQP;
				ENABLE_PREVIEWS = YES;
				GENERATE_INFOPLIST_FILE = YES;
				INFOPLIST_FILE = "iOS-Africa2023/Info.plist";
				INFOPLIST_KEY_CFBundleDisplayName = Africa;
				INFOPLIST_KEY_LSApplicationCategoryType = "public.app-category.photography";
				INFOPLIST_KEY_UIApplicationSceneManifest_Generation = YES;
				INFOPLIST_KEY_UIApplicationSupportsIndirectInputEvents = YES;
				INFOPLIST_KEY_UISupportedInterfaceOrientations = "UIInterfaceOrientationLandscapeLeft UIInterfaceOrientationLandscapeRight UIInterfaceOrientationPortrait";
				INFOPLIST_KEY_UISupportedInterfaceOrientations_iPad = "UIInterfaceOrientationLandscapeLeft UIInterfaceOrientationLandscapeRight UIInterfaceOrientationPortrait UIInterfaceOrientationPortraitUpsideDown";
				INFOPLIST_KEY_UIUserInterfaceStyle = Dark;
				IPHONEOS_DEPLOYMENT_TARGET = 16.2;
				LD_RUNPATH_SEARCH_PATHS = (
					"$(inherited)",
					"@executable_path/Frameworks",
				);
				MARKETING_VERSION = 1.0;
				PRODUCT_BUNDLE_IDENTIFIER = "dev.tugan.demo.iOS-Africa2023";
				PRODUCT_NAME = "$(TARGET_NAME)";
				SUPPORTED_PLATFORMS = "iphoneos iphonesimulator";
				SUPPORTS_MACCATALYST = NO;
				SUPPORTS_XR_DESIGNED_FOR_IPHONE_IPAD = NO;
				SWIFT_EMIT_LOC_STRINGS = YES;
				SWIFT_VERSION = 5.0;
				TARGETED_DEVICE_FAMILY = "1,2";
			};
			name = Debug;
		};
		5901535C2A677E81008D09CF /* Release */ = {
			isa = XCBuildConfiguration;
			buildSettings = {
				ASSETCATALOG_COMPILER_APPICON_NAME = AppIcon;
				ASSETCATALOG_COMPILER_GLOBAL_ACCENT_COLOR_NAME = AccentColor;
				ASSETCATALOG_COMPILER_INCLUDE_ALL_APPICON_ASSETS = YES;
				CODE_SIGN_STYLE = Automatic;
				CURRENT_PROJECT_VERSION = 1;
				DEVELOPMENT_ASSET_PATHS = "\"iOS-Africa2023/Preview Content\"";
				DEVELOPMENT_TEAM = K3URZZFDQP;
				ENABLE_PREVIEWS = YES;
				GENERATE_INFOPLIST_FILE = YES;
				INFOPLIST_FILE = "iOS-Africa2023/Info.plist";
				INFOPLIST_KEY_CFBundleDisplayName = Africa;
				INFOPLIST_KEY_LSApplicationCategoryType = "public.app-category.photography";
				INFOPLIST_KEY_UIApplicationSceneManifest_Generation = YES;
				INFOPLIST_KEY_UIApplicationSupportsIndirectInputEvents = YES;
				INFOPLIST_KEY_UISupportedInterfaceOrientations = "UIInterfaceOrientationLandscapeLeft UIInterfaceOrientationLandscapeRight UIInterfaceOrientationPortrait";
				INFOPLIST_KEY_UISupportedInterfaceOrientations_iPad = "UIInterfaceOrientationLandscapeLeft UIInterfaceOrientationLandscapeRight UIInterfaceOrientationPortrait UIInterfaceOrientationPortraitUpsideDown";
				INFOPLIST_KEY_UIUserInterfaceStyle = Dark;
				IPHONEOS_DEPLOYMENT_TARGET = 16.2;
				LD_RUNPATH_SEARCH_PATHS = (
					"$(inherited)",
					"@executable_path/Frameworks",
				);
				MARKETING_VERSION = 1.0;
				PRODUCT_BUNDLE_IDENTIFIER = "dev.tugan.demo.iOS-Africa2023";
				PRODUCT_NAME = "$(TARGET_NAME)";
				SUPPORTED_PLATFORMS = "iphoneos iphonesimulator";
				SUPPORTS_MACCATALYST = NO;
				SUPPORTS_XR_DESIGNED_FOR_IPHONE_IPAD = NO;
				SWIFT_EMIT_LOC_STRINGS = YES;
				SWIFT_VERSION = 5.0;
				TARGETED_DEVICE_FAMILY = "1,2";
			};
			name = Release;
		};
/* End XCBuildConfiguration section */

/* Begin XCConfigurationList section */
		590153472A677E7E008D09CF /* Build configuration list for PBXProject "iOS-Africa2023" */ = {
			isa = XCConfigurationList;
			buildConfigurations = (
				590153582A677E81008D09CF /* Debug */,
				590153592A677E81008D09CF /* Release */,
			);
			defaultConfigurationIsVisible = 0;
			defaultConfigurationName = Release;
		};
		5901535A2A677E81008D09CF /* Build configuration list for PBXNativeTarget "iOS-Africa2023" */ = {
			isa = XCConfigurationList;
			buildConfigurations = (
				5901535B2A677E81008D09CF /* Debug */,
				5901535C2A677E81008D09CF /* Release */,
			);
			defaultConfigurationIsVisible = 0;
			defaultConfigurationName = Release;
		};
/* End XCConfigurationList section */
	};
	rootObject = 590153442A677E7E008D09CF /* Project object */;
}
